
Microsoft Visual Studio Solution File, Format Version 12.00
# Visual Studio Version 17
VisualStudioVersion = 17.5.002.0
MinimumVisualStudioVersion = 10.0.40219.1
Project("{9A19103F-16F7-4668-BE54-9A1E7A4F7556}") = "AspNetMvcMachineTest", "AspNetMvcMachineTest.csproj", "{AAF4EF94-B099-4776-AEC2-9004B27694F6}"
EndProject
Global
	GlobalSection(SolutionConfigurationPlatforms) = preSolution
		Debug|Any CPU = Debug|Any CPU
		Release|Any CPU = Release|Any CPU
	EndGlobalSection
	GlobalSection(ProjectConfigurationPlatforms) = postSolution
		{AAF4EF94-B099-4776-AEC2-9004B27694F6}.Debug|Any CPU.ActiveCfg = Debug|Any CPU
		{AAF4EF94-B099-4776-AEC2-9004B27694F6}.Debug|Any CPU.Build.0 = Debug|Any CPU
		{AAF4EF94-B099-4776-AEC2-9004B27694F6}.Release|Any CPU.ActiveCfg = Release|Any CPU
		{AAF4EF94-B099-4776-AEC2-9004B27694F6}.Release|Any CPU.Build.0 = Release|Any CPU
	EndGlobalSection
	GlobalSection(SolutionProperties) = preSolution
		HideSolutionNode = FALSE
	EndGlobalSection
	GlobalSection(ExtensibilityGlobals) = postSolution
		SolutionGuid = {1F8D9A7A-FDD2-43B2-AB82-DBB9129EF74E}
	EndGlobalSection
EndGlobal
